dependencies:
- name: aissemble-spark-history-chart
  repository: oci://ghcr.io/boozallen
  version: 1.11.0-SNAPSHOT
- name: aissemble-thrift-server-chart
  repository: oci://ghcr.io/boozallen
  version: 1.11.0-SNAPSHOT
- name: aissemble-hive-metastore-service-chart
  repository: file://../aissemble-hive-metastore-service-chart/
  version: 1.11.0-SNAPSHOT
digest: sha256:ba3c0178e0c55911bb08991a9aae60f85ff16efde7d366791076b390ae5e5466
generated: "2024-12-18T12:21:56.569283-05:00"
